
Microsoft Visual Studio Solution File, Format Version 12.00
# Visual Studio 2013
VisualStudioVersion = 12.0.21005.1
MinimumVisualStudioVersion = 10.0.40219.1
Project("{FAE04EC0-301F-11D3-BF4B-00C04F79EFBC}") = "ToastNotificationClient", "ToastNotificationClient\ToastNotificationClient.csproj", "{95971D96-EFCC-4A9D-BDC8-EA04EF1F0155}"
EndProject
Project("{E24C65DC-7377-472B-9ABA-BC803B73C61A}") = "SendToast", "http://localhost:58508", "{3BC69B60-F40C-4D4F-9CF3-82AFE450E309}"
	ProjectSection(WebsiteProperties) = preProject
		UseIISExpress = "true"
		TargetFrameworkMoniker = ".NETFramework,Version%3Dv4.0"
		Debug.AspNetCompiler.VirtualPath = "/localhost_58508"
		Debug.AspNetCompiler.PhysicalPath = "SendToast\"
		Debug.AspNetCompiler.TargetPath = "PrecompiledWeb\localhost_58508\"
		Debug.AspNetCompiler.Updateable = "true"
		Debug.AspNetCompiler.ForceOverwrite = "true"
		Debug.AspNetCompiler.FixedNames = "false"
		Debug.AspNetCompiler.Debug = "True"
		Release.AspNetCompiler.VirtualPath = "/localhost_58508"
		Release.AspNetCompiler.PhysicalPath = "SendToast\"
		Release.AspNetCompiler.TargetPath = "PrecompiledWeb\localhost_58508\"
		Release.AspNetCompiler.Updateable = "true"
		Release.AspNetCompiler.ForceOverwrite = "true"
		Release.AspNetCompiler.FixedNames = "false"
		Release.AspNetCompiler.Debug = "False"
		SlnRelativePath = "SendToast\"
		DefaultWebSiteLanguage = "Visual C#"
	EndProjectSection
EndProject
Global
	GlobalSection(SolutionConfigurationPlatforms) = preSolution
		Debug|Any CPU = Debug|Any CPU
		Debug|ARM = Debug|ARM
		Debug|x86 = Debug|x86
		Release|Any CPU = Release|Any CPU
		Release|ARM = Release|ARM
		Release|x86 = Release|x86
	EndGlobalSection
	GlobalSection(ProjectConfigurationPlatforms) = postSolution
		{95971D96-EFCC-4A9D-BDC8-EA04EF1F0155}.Debug|Any CPU.ActiveCfg = Debug|Any CPU
		{95971D96-EFCC-4A9D-BDC8-EA04EF1F0155}.Debug|Any CPU.Build.0 = Debug|Any CPU
		{95971D96-EFCC-4A9D-BDC8-EA04EF1F0155}.Debug|Any CPU.Deploy.0 = Debug|Any CPU
		{95971D96-EFCC-4A9D-BDC8-EA04EF1F0155}.Debug|ARM.ActiveCfg = Debug|ARM
		{95971D96-EFCC-4A9D-BDC8-EA04EF1F0155}.Debug|ARM.Build.0 = Debug|ARM
		{95971D96-EFCC-4A9D-BDC8-EA04EF1F0155}.Debug|ARM.Deploy.0 = Debug|ARM
		{95971D96-EFCC-4A9D-BDC8-EA04EF1F0155}.Debug|x86.ActiveCfg = Debug|x86
		{95971D96-EFCC-4A9D-BDC8-EA04EF1F0155}.Debug|x86.Build.0 = Debug|x86
		{95971D96-EFCC-4A9D-BDC8-EA04EF1F0155}.Debug|x86.Deploy.0 = Debug|x86
		{95971D96-EFCC-4A9D-BDC8-EA04EF1F0155}.Release|Any CPU.ActiveCfg = Release|Any CPU
		{95971D96-EFCC-4A9D-BDC8-EA04EF1F0155}.Release|Any CPU.Build.0 = Release|Any CPU
		{95971D96-EFCC-4A9D-BDC8-EA04EF1F0155}.Release|Any CPU.Deploy.0 = Release|Any CPU
		{95971D96-EFCC-4A9D-BDC8-EA04EF1F0155}.Release|ARM.ActiveCfg = Release|ARM
		{95971D96-EFCC-4A9D-BDC8-EA04EF1F0155}.Release|ARM.Build.0 = Release|ARM
		{95971D96-EFCC-4A9D-BDC8-EA04EF1F0155}.Release|ARM.Deploy.0 = Release|ARM
		{95971D96-EFCC-4A9D-BDC8-EA04EF1F0155}.Release|x86.ActiveCfg = Release|x86
		{95971D96-EFCC-4A9D-BDC8-EA04EF1F0155}.Release|x86.Build.0 = Release|x86
		{95971D96-EFCC-4A9D-BDC8-EA04EF1F0155}.Release|x86.Deploy.0 = Release|x86
		{3BC69B60-F40C-4D4F-9CF3-82AFE450E309}.Debug|Any CPU.ActiveCfg = Debug|Any CPU
		{3BC69B60-F40C-4D4F-9CF3-82AFE450E309}.Debug|Any CPU.Build.0 = Debug|Any CPU
		{3BC69B60-F40C-4D4F-9CF3-82AFE450E309}.Debug|ARM.ActiveCfg = Debug|Any CPU
		{3BC69B60-F40C-4D4F-9CF3-82AFE450E309}.Debug|x86.ActiveCfg = Debug|Any CPU
		{3BC69B60-F40C-4D4F-9CF3-82AFE450E309}.Release|Any CPU.ActiveCfg = Debug|Any CPU
		{3BC69B60-F40C-4D4F-9CF3-82AFE450E309}.Release|Any CPU.Build.0 = Debug|Any CPU
		{3BC69B60-F40C-4D4F-9CF3-82AFE450E309}.Release|ARM.ActiveCfg = Debug|Any CPU
		{3BC69B60-F40C-4D4F-9CF3-82AFE450E309}.Release|x86.ActiveCfg = Debug|Any CPU
	EndGlobalSection
	GlobalSection(SolutionProperties) = preSolution
		HideSolutionNode = FALSE
	EndGlobalSection
EndGlobal
